// !$*UTF8*$!
{
	archiveVersion = 1;
	classes = {
	};
	objectVersion = 46;
	objects = {

/* Begin PBXBuildFile section */
		88BF480515C4085400D0C3DC /* MyAnnotation.m in Sources */ = {isa = PBXBuildFile; fileRef = 88BF480415C4085400D0C3DC /* MyAnnotation.m */; };
		88BF480815C40BE000D0C3DC /* CoreLocation.framework in Frameworks */ = {isa = PBXBuildFile; fileRef = 88BF480715C40BE000D0C3DC /* CoreLocation.framework */; };
		88EBC12915C3EA8F00BD7BD2 /* UIKit.framework in Frameworks */ = {isa = PBXBuildFile; fileRef = 88EBC12815C3EA8F00BD7BD2 /* UIKit.framework */; };
		88EBC12B15C3EA8F00BD7BD2 /* Foundation.framework in Frameworks */ = {isa = PBXBuildFile; fileRef = 88EBC12A15C3EA8F00BD7BD2 /* Foundation.framework */; };
		88EBC12D15C3EA8F00BD7BD2 /* CoreGraphics.framework in Frameworks */ = {isa = PBXBuildFile; fileRef = 88EBC12C15C3EA8F00BD7BD2 /* CoreGraphics.framework */; };
		88EBC13315C3EA8F00BD7BD2 /* InfoPlist.strings in Resources */ = {isa = PBXBuildFile; fileRef = 88EBC13115C3EA8F00BD7BD2 /* InfoPlist.strings */; };
		88EBC13515C3EA8F00BD7BD2 /* main.m in Sources */ = {isa = PBXBuildFile; fileRef = 88EBC13415C3EA8F00BD7BD2 /* main.m */; };
		88EBC13915C3EA8F00BD7BD2 /* AppDelegate.m in Sources */ = {isa = PBXBuildFile; fileRef = 88EBC13815C3EA8F00BD7BD2 /* AppDelegate.m */; };
		88EBC13C15C3EA8F00BD7BD2 /* ViewController.m in Sources */ = {isa = PBXBuildFile; fileRef = 88EBC13B15C3EA8F00BD7BD2 /* ViewController.m */; };
		88EBC13F15C3EA9000BD7BD2 /* ViewController_iPhone.xib in Resources */ = {isa = PBXBuildFile; fileRef = 88EBC13D15C3EA9000BD7BD2 /* ViewController_iPhone.xib */; };
		88EBC14215C3EA9000BD7BD2 /* ViewController_iPad.xib in Resources */ = {isa = PBXBuildFile; fileRef = 88EBC14015C3EA9000BD7BD2 /* ViewController_iPad.xib */; };
		88EBC14915C3EAE500BD7BD2 /* MapKit.framework in Frameworks */ = {isa = PBXBuildFile; fileRef = 88EBC14815C3EAE500BD7BD2 /* MapKit.framework */; };
/* End PBXBuildFile section */

/* Begin PBXFileReference section */
		88BF480315C4085400D0C3DC /* MyAnnotation.h */ = {isa = PBXFileReference; fileEncoding = 4; lastKnownFileType = sourcecode.c.h; path = MyAnnotation.h; sourceTree = "<group>"; };
		88BF480415C4085400D0C3DC /* MyAnnotation.m */ = {isa = PBXFileReference; fileEncoding = 4; lastKnownFileType = sourcecode.c.objc; path = MyAnnotation.m; sourceTree = "<group>"; };
		88BF480715C40BE000D0C3DC /* CoreLocation.framework */ = {isa = PBXFileReference; lastKnownFileType = wrapper.framework; name = CoreLocation.framework; path = System/Library/Frameworks/CoreLocation.framework; sourceTree = SDKROOT; };
		88EBC12415C3EA8F00BD7BD2 /* MapViewSample.app */ = {isa = PBXFileReference; explicitFileType = wrapper.application; includeInIndex = 0; path = MapViewSample.app; sourceTree = BUILT_PRODUCTS_DIR; };
		88EBC12815C3EA8F00BD7BD2 /* UIKit.framework */ = {isa = PBXFileReference; lastKnownFileType = wrapper.framework; name = UIKit.framework; path = System/Library/Frameworks/UIKit.framework; sourceTree = SDKROOT; };
		88EBC12A15C3EA8F00BD7BD2 /* Foundation.framework */ = {isa = PBXFileReference; lastKnownFileType = wrapper.framework; name = Foundation.framework; path = System/Library/Frameworks/Foundation.framework; sourceTree = SDKROOT; };
		88EBC12C15C3EA8F00BD7BD2 /* CoreGraphics.framework */ = {isa = PBXFileReference; lastKnownFileType = wrapper.framework; name = CoreGraphics.framework; path = System/Library/Frameworks/CoreGraphics.framework; sourceTree = SDKROOT; };
		88EBC13015C3EA8F00BD7BD2 /* MapViewSample-Info.plist */ = {isa = PBXFileReference; lastKnownFileType = text.plist.xml; path = "MapViewSample-Info.plist"; sourceTree = "<group>"; };
		88EBC13215C3EA8F00BD7BD2 /* en */ = {isa = PBXFileReference; lastKnownFileType = text.plist.strings; name = en; path = en.lproj/InfoPlist.strings; sourceTree = "<group>"; };
		88EBC13415C3EA8F00BD7BD2 /* main.m */ = {isa = PBXFileReference; lastKnownFileType = sourcecode.c.objc; path = main.m; sourceTree = "<group>"; };
		88EBC13615C3EA8F00BD7BD2 /* MapViewSample-Prefix.pch */ = {isa = PBXFileReference; lastKnownFileType = sourcecode.c.h; path = "MapViewSample-Prefix.pch"; sourceTree = "<group>"; };
		88EBC13715C3EA8F00BD7BD2 /* AppDelegate.h */ = {isa = PBXFileReference; lastKnownFileType = sourcecode.c.h; path = AppDelegate.h; sourceTree = "<group>"; };
		88EBC13815C3EA8F00BD7BD2 /* AppDelegate.m */ = {isa = PBXFileReference; lastKnownFileType = sourcecode.c.objc; path = AppDelegate.m; sourceTree = "<group>"; };
		88EBC13A15C3EA8F00BD7BD2 /* ViewController.h */ = {isa = PBXFileReference; lastKnownFileType = sourcecode.c.h; path = ViewController.h; sourceTree = "<group>"; };
		88EBC13B15C3EA8F00BD7BD2 /* ViewController.m */ = {isa = PBXFileReference; lastKnownFileType = sourcecode.c.objc; path = ViewController.m; sourceTree = "<group>"; };
		88EBC13E15C3EA9000BD7BD2 /* en */ = {isa = PBXFileReference; lastKnownFileType = file.xib; name = en; path = en.lproj/ViewController_iPhone.xib; sourceTree = "<group>"; };
		88EBC14115C3EA9000BD7BD2 /* en */ = {isa = PBXFileReference; lastKnownFileType = file.xib; name = en; path = en.lproj/ViewController_iPad.xib; sourceTree = "<group>"; };
		88EBC14815C3EAE500BD7BD2 /* MapKit.framework */ = {isa = PBXFileReference; lastKnownFileType = wrapper.framework; name = MapKit.framework; path = System/Library/Frameworks/MapKit.framework; sourceTree = SDKROOT; };
/* End PBXFileReference section */

/* Begin PBXFrameworksBuildPhase section */
		88EBC12115C3EA8F00BD7BD2 /* Frameworks */ = {
			isa = PBXFrameworksBuildPhase;
			buildActionMask = 2147483647;
			files = (
				88BF480815C40BE000D0C3DC /* CoreLocation.framework in Frameworks */,
				88EBC14915C3EAE500BD7BD2 /* MapKit.framework in Frameworks */,
				88EBC12915C3EA8F00BD7BD2 /* UIKit.framework in Frameworks */,
				88EBC12B15C3EA8F00BD7BD2 /* Foundation.framework in Frameworks */,
				88EBC12D15C3EA8F00BD7BD2 /* CoreGraphics.framework in Frameworks */,
			);
			runOnlyForDeploymentPostprocessing = 0;
		};
/* End PBXFrameworksBuildPhase section */

/* Begin PBXGroup section */
		88EBC11915C3EA8F00BD7BD2 = {
			isa = PBXGroup;
			children = (
				88EBC12E15C3EA8F00BD7BD2 /* MapViewSample */,
				88EBC12715C3EA8F00BD7BD2 /* Frameworks */,
				88EBC12515C3EA8F00BD7BD2 /* Products */,
			);
			sourceTree = "<group>";
		};
		88EBC12515C3EA8F00BD7BD2 /* Products */ = {
			isa = PBXGroup;
			children = (
				88EBC12415C3EA8F00BD7BD2 /* MapViewSample.app */,
			);
			name = Products;
			sourceTree = "<group>";
		};
		88EBC12715C3EA8F00BD7BD2 /* Frameworks */ = {
			isa = PBXGroup;
			children = (
				88BF480715C40BE000D0C3DC /* CoreLocation.framework */,
				88EBC14815C3EAE500BD7BD2 /* MapKit.framework */,
				88EBC12815C3EA8F00BD7BD2 /* UIKit.framework */,
				88EBC12A15C3EA8F00BD7BD2 /* Foundation.framework */,
				88EBC12C15C3EA8F00BD7BD2 /* CoreGraphics.framework */,
			);
			name = Frameworks;
			sourceTree = "<group>";
		};
		88EBC12E15C3EA8F00BD7BD2 /* MapViewSample */ = {
			isa = PBXGroup;
			children = (
				88EBC13715C3EA8F00BD7BD2 /* AppDelegate.h */,
				88EBC13815C3EA8F00BD7BD2 /* AppDelegate.m */,
				88BF480315C4085400D0C3DC /* MyAnnotation.h */,
				88BF480415C4085400D0C3DC /* MyAnnotation.m */,
				88EBC13A15C3EA8F00BD7BD2 /* ViewController.h */,
				88EBC13B15C3EA8F00BD7BD2 /* ViewController.m */,
				88EBC12F15C3EA8F00BD7BD2 /* Supporting Files */,
			);
			path = MapViewSample;
			sourceTree = "<group>";
		};
		88EBC12F15C3EA8F00BD7BD2 /* Supporting Files */ = {
			isa = PBXGroup;
			children = (
				88EBC14015C3EA9000BD7BD2 /* ViewController_iPad.xib */,
				88EBC13D15C3EA9000BD7BD2 /* ViewController_iPhone.xib */,
				88EBC13015C3EA8F00BD7BD2 /* MapViewSample-Info.plist */,
				88EBC13115C3EA8F00BD7BD2 /* InfoPlist.strings */,
				88EBC13415C3EA8F00BD7BD2 /* main.m */,
				88EBC13615C3EA8F00BD7BD2 /* MapViewSample-Prefix.pch */,
			);
			name = "Supporting Files";
			sourceTree = "<group>";
		};
/* End PBXGroup section */

/* Begin PBXNativeTarget section */
		88EBC12315C3EA8F00BD7BD2 /* MapViewSample */ = {
			isa = PBXNativeTarget;
			buildConfigurationList = 88EBC14515C3EA9000BD7BD2 /* Build configuration list for PBXNativeTarget "MapViewSample" */;
			buildPhases = (
				88EBC12015C3EA8F00BD7BD2 /* Sources */,
				88EBC12115C3EA8F00BD7BD2 /* Frameworks */,
				88EBC12215C3EA8F00BD7BD2 /* Resources */,
			);
			buildRules = (
			);
			dependencies = (
			);
			name = MapViewSample;
			productName = MapViewSample;
			productReference = 88EBC12415C3EA8F00BD7BD2 /* MapViewSample.app */;
			productType = "com.apple.product-type.application";
		};
/* End PBXNativeTarget section */

/* Begin PBXProject section */
		88EBC11B15C3EA8F00BD7BD2 /* Project object */ = {
			isa = PBXProject;
			attributes = {
				LastUpgradeCheck = 0430;
			};
			buildConfigurationList = 88EBC11E15C3EA8F00BD7BD2 /* Build configuration list for PBXProject "MapViewSample" */;
			compatibilityVersion = "Xcode 3.2";
			developmentRegion = English;
			hasScannedForEncodings = 0;
			knownRegions = (
				en,
			);
			mainGroup = 88EBC11915C3EA8F00BD7BD2;
			productRefGroup = 88EBC12515C3EA8F00BD7BD2 /* Products */;
			projectDirPath = "";
			projectRoot = "";
			targets = (
				88EBC12315C3EA8F00BD7BD2 /* MapViewSample */,
			);
		};
/* End PBXProject section */

/* Begin PBXResourcesBuildPhase section */
		88EBC12215C3EA8F00BD7BD2 /* Resources */ = {
			isa = PBXResourcesBuildPhase;
			buildActionMask = 2147483647;
			files = (
				88EBC13315C3EA8F00BD7BD2 /* InfoPlist.strings in Resources */,
				88EBC13F15C3EA9000BD7BD2 /* ViewController_iPhone.xib in Resources */,
				88EBC14215C3EA9000BD7BD2 /* ViewController_iPad.xib in Resources */,
			);
			runOnlyForDeploymentPostprocessing = 0;
		};
/* End PBXResourcesBuildPhase section */

/* Begin PBXSourcesBuildPhase section */
		88EBC12015C3EA8F00BD7BD2 /* Sources */ = {
			isa = PBXSourcesBuildPhase;
			buildActionMask = 2147483647;
			files = (
				88EBC13515C3EA8F00BD7BD2 /* main.m in Sources */,
				88EBC13915C3EA8F00BD7BD2 /* AppDelegate.m in Sources */,
				88EBC13C15C3EA8F00BD7BD2 /* ViewController.m in Sources */,
				88BF480515C4085400D0C3DC /* MyAnnotation.m in Sources */,
			);
			runOnlyForDeploymentPostprocessing = 0;
		};
/* End PBXSourcesBuildPhase section */

/* Begin PBXVariantGroup section */
		88EBC13115C3EA8F00BD7BD2 /* InfoPlist.strings */ = {
			isa = PBXVariantGroup;
			children = (
				88EBC13215C3EA8F00BD7BD2 /* en */,
			);
			name = InfoPlist.strings;
			sourceTree = "<group>";
		};
		88EBC13D15C3EA9000BD7BD2 /* ViewController_iPhone.xib */ = {
			isa = PBXVariantGroup;
			children = (
				88EBC13E15C3EA9000BD7BD2 /* en */,
			);
			name = ViewController_iPhone.xib;
			sourceTree = "<group>";
		};
		88EBC14015C3EA9000BD7BD2 /* ViewController_iPad.xib */ = {
			isa = PBXVariantGroup;
			children = (
				88EBC14115C3EA9000BD7BD2 /* en */,
			);
			name = ViewController_iPad.xib;
			sourceTree = "<group>";
		};
/* End PBXVariantGroup section */

/* Begin XCBuildConfiguration section */
		88EBC14315C3EA9000BD7BD2 /* Debug */ = {
			isa = XCBuildConfiguration;
			buildSettings = {
				ALWAYS_SEARCH_USER_PATHS = NO;
				ARCHS = "$(ARCHS_STANDARD_32_BIT)";
				CLANG_ENABLE_OBJC_ARC = YES;
				"CODE_SIGN_IDENTITY[sdk=iphoneos*]" = "iPhone Developer";
				COPY_PHASE_STRIP = NO;
				GCC_C_LANGUAGE_STANDARD = gnu99;
				GCC_DYNAMIC_NO_PIC = NO;
				GCC_OPTIMIZATION_LEVEL = 0;
				GCC_PREPROCESSOR_DEFINITIONS = (
					"DEBUG=1",
					"$(inherited)",
				);
				GCC_SYMBOLS_PRIVATE_EXTERN = NO;
				GCC_VERSION = com.apple.compilers.llvm.clang.1_0;
				GCC_WARN_ABOUT_RETURN_TYPE = YES;
				GCC_WARN_UNINITIALIZED_AUTOS = YES;
				GCC_WARN_UNUSED_VARIABLE = YES;
				IPHONEOS_DEPLOYMENT_TARGET = 5.1;
				SDKROOT = iphoneos;
				TARGETED_DEVICE_FAMILY = "1,2";
			};
			name = Debug;
		};
		88EBC14415C3EA9000BD7BD2 /* Release */ = {
			isa = XCBuildConfiguration;
			buildSettings = {
				ALWAYS_SEARCH_USER_PATHS = NO;
				ARCHS = "$(ARCHS_STANDARD_32_BIT)";
				CLANG_ENABLE_OBJC_ARC = YES;
				"CODE_SIGN_IDENTITY[sdk=iphoneos*]" = "iPhone Developer";
				COPY_PHASE_STRIP = YES;
				GCC_C_LANGUAGE_STANDARD = gnu99;
				GCC_VERSION = com.apple.compilers.llvm.clang.1_0;
				GCC_WARN_ABOUT_RETURN_TYPE = YES;
				GCC_WARN_UNINITIALIZED_AUTOS = YES;
				GCC_WARN_UNUSED_VARIABLE = YES;
				IPHONEOS_DEPLOYMENT_TARGET = 5.1;
				OTHER_CFLAGS = "-DNS_BLOCK_ASSERTIONS=1";
				SDKROOT = iphoneos;
				TARGETED_DEVICE_FAMILY = "1,2";
				VALIDATE_PRODUCT = YES;
			};
			name = Release;
		};
		88EBC14615C3EA9000BD7BD2 /* Debug */ = {
			isa = XCBuildConfiguration;
			buildSettings = {
				GCC_PRECOMPILE_PREFIX_HEADER = YES;
				GCC_PREFIX_HEADER = "MapViewSample/MapViewSample-Prefix.pch";
				INFOPLIST_FILE = "MapViewSample/MapViewSample-Info.plist";
				PRODUCT_NAME = "$(TARGET_NAME)";
				WRAPPER_EXTENSION = app;
			};
			name = Debug;
		};
		88EBC14715C3EA9000BD7BD2 /* Release */ = {
			isa = XCBuildConfiguration;
			buildSettings = {
				GCC_PRECOMPILE_PREFIX_HEADER = YES;
				GCC_PREFIX_HEADER = "MapViewSample/MapViewSample-Prefix.pch";
				INFOPLIST_FILE = "MapViewSample/MapViewSample-Info.plist";
				PRODUCT_NAME = "$(TARGET_NAME)";
				WRAPPER_EXTENSION = app;
			};
			name = Release;
		};
/* End XCBuildConfiguration section */

/* Begin XCConfigurationList section */
		88EBC11E15C3EA8F00BD7BD2 /* Build configuration list for PBXProject "MapViewSample" */ = {
			isa = XCConfigurationList;
			buildConfigurations = (
				88EBC14315C3EA9000BD7BD2 /* Debug */,
				88EBC14415C3EA9000BD7BD2 /* Release */,
			);
			defaultConfigurationIsVisible = 0;
			defaultConfigurationName = Release;
		};
		88EBC14515C3EA9000BD7BD2 /* Build configuration list for PBXNativeTarget "MapViewSample" */ = {
			isa = XCConfigurationList;
			buildConfigurations = (
				88EBC14615C3EA9000BD7BD2 /* Debug */,
				88EBC14715C3EA9000BD7BD2 /* Release */,
			);
			defaultConfigurationIsVisible = 0;
			defaultConfigurationName = Release;
		};
/* End XCConfigurationList section */
	};
	rootObject = 88EBC11B15C3EA8F00BD7BD2 /* Project object */;
}
